
Microsoft Visual Studio Solution File, Format Version 12.00
# Visual Studio Version 17
VisualStudioVersion = 17.14.37012.4 d17.14
MinimumVisualStudioVersion = 10.0.40219.1
Project("{FAE04EC0-301F-11D3-BF4B-00C04F79EFBC}") = "Match-M", "Match-M\Match-M.csproj", "{EFB6B82E-F4DA-452D-82BB-885CAD718C8B}"
EndProject
Global
	GlobalSection(SolutionConfigurationPlatforms) = preSolution
		Debug|Any CPU = Debug|Any CPU
		Release|Any CPU = Release|Any CPU
	EndGlobalSection
	GlobalSection(ProjectConfigurationPlatforms) = postSolution
		{EFB6B82E-F4DA-452D-82BB-885CAD718C8B}.Debug|Any CPU.ActiveCfg = Debug|Any CPU
		{EFB6B82E-F4DA-452D-82BB-885CAD718C8B}.Debug|Any CPU.Build.0 = Debug|Any CPU
		{EFB6B82E-F4DA-452D-82BB-885CAD718C8B}.Release|Any CPU.ActiveCfg = Release|Any CPU
		{EFB6B82E-F4DA-452D-82BB-885CAD718C8B}.Release|Any CPU.Build.0 = Release|Any CPU
	EndGlobalSection
	GlobalSection(SolutionProperties) = preSolution
		HideSolutionNode = FALSE
	EndGlobalSection
	GlobalSection(ExtensibilityGlobals) = postSolution
		SolutionGuid = {D12AAFA9-0CC3-44DD-BE28-E3080876A797}
	EndGlobalSection
EndGlobal
